
Microsoft Visual Studio Solution File, Format Version 12.00
# Visual Studio Version 17
VisualStudioVersion = 17.10.35122.118
MinimumVisualStudioVersion = 10.0.40219.1
Project("{FAE04EC0-301F-11D3-BF4B-00C04F79EFBC}") = "sample_pro", "sample_pro\sample_pro.csproj", "{28CC2153-07A2-4C8E-877C-F8D02A7EFF83}"
EndProject
Global
	GlobalSection(SolutionConfigurationPlatforms) = preSolution
		Debug|Any CPU = Debug|Any CPU
		Release|Any CPU = Release|Any CPU
	EndGlobalSection
	GlobalSection(ProjectConfigurationPlatforms) = postSolution
		{28CC2153-07A2-4C8E-877C-F8D02A7EFF83}.Debug|Any CPU.ActiveCfg = Debug|Any CPU
		{28CC2153-07A2-4C8E-877C-F8D02A7EFF83}.Debug|Any CPU.Build.0 = Debug|Any CPU
		{28CC2153-07A2-4C8E-877C-F8D02A7EFF83}.Release|Any CPU.ActiveCfg = Release|Any CPU
		{28CC2153-07A2-4C8E-877C-F8D02A7EFF83}.Release|Any CPU.Build.0 = Release|Any CPU
	EndGlobalSection
	GlobalSection(SolutionProperties) = preSolution
		HideSolutionNode = FALSE
	EndGlobalSection
	GlobalSection(ExtensibilityGlobals) = postSolution
		SolutionGuid = {10D04A9A-8C3D-4EA6-AFCA-26103A4A5E3D}
	EndGlobalSection
EndGlobal
